
Microsoft Visual Studio Solution File, Format Version 12.00
# Visual Studio Version 16
VisualStudioVersion = 16.0.29020.237
MinimumVisualStudioVersion = 10.0.40219.1
Project("{9A19103F-16F7-4668-BE54-9A1E7A4F7556}") = "AutoEcMvc", "AutoEcMvc\AutoEcMvc.csproj", "{E160D557-72A0-4939-B659-6C595680CF19}"
	ProjectSection(ProjectDependencies) = postProject
		{290FECA8-EDEE-4A62-BA31-8464739D0144} = {290FECA8-EDEE-4A62-BA31-8464739D0144}
	EndProjectSection
EndProject
Project("{2150E333-8FDC-42A3-9474-1A3956D46DE8}") = "Solution Items", "Solution Items", "{F14D48CB-126D-448D-9208-EEAAC80DFC34}"
	ProjectSection(SolutionItems) = preProject
		.gitignore = .gitignore
	EndProjectSection
EndProject
Project("{FAE04EC0-301F-11D3-BF4B-00C04F79EFBC}") = "T4", "T4\T4.csproj", "{290FECA8-EDEE-4A62-BA31-8464739D0144}"
	ProjectSection(ProjectDependencies) = postProject
		{C0596B93-E52D-4B35-B547-9163D30065D0} = {C0596B93-E52D-4B35-B547-9163D30065D0}
	EndProjectSection
EndProject
Project("{9A19103F-16F7-4668-BE54-9A1E7A4F7556}") = "CodeGeneration", "CodeGeneration\CodeGeneration.csproj", "{C0596B93-E52D-4B35-B547-9163D30065D0}"
EndProject
Global
	GlobalSection(SolutionConfigurationPlatforms) = preSolution
		Debug|Any CPU = Debug|Any CPU
		Release|Any CPU = Release|Any CPU
	EndGlobalSection
	GlobalSection(ProjectConfigurationPlatforms) = postSolution
		{E160D557-72A0-4939-B659-6C595680CF19}.Debug|Any CPU.ActiveCfg = Debug|Any CPU
		{E160D557-72A0-4939-B659-6C595680CF19}.Debug|Any CPU.Build.0 = Debug|Any CPU
		{E160D557-72A0-4939-B659-6C595680CF19}.Release|Any CPU.ActiveCfg = Release|Any CPU
		{E160D557-72A0-4939-B659-6C595680CF19}.Release|Any CPU.Build.0 = Release|Any CPU
		{290FECA8-EDEE-4A62-BA31-8464739D0144}.Debug|Any CPU.ActiveCfg = Debug|Any CPU
		{290FECA8-EDEE-4A62-BA31-8464739D0144}.Debug|Any CPU.Build.0 = Debug|Any CPU
		{290FECA8-EDEE-4A62-BA31-8464739D0144}.Release|Any CPU.ActiveCfg = Release|Any CPU
		{290FECA8-EDEE-4A62-BA31-8464739D0144}.Release|Any CPU.Build.0 = Release|Any CPU
		{C0596B93-E52D-4B35-B547-9163D30065D0}.Debug|Any CPU.ActiveCfg = Debug|Any CPU
		{C0596B93-E52D-4B35-B547-9163D30065D0}.Debug|Any CPU.Build.0 = Debug|Any CPU
		{C0596B93-E52D-4B35-B547-9163D30065D0}.Release|Any CPU.ActiveCfg = Release|Any CPU
		{C0596B93-E52D-4B35-B547-9163D30065D0}.Release|Any CPU.Build.0 = Release|Any CPU
	EndGlobalSection
	GlobalSection(SolutionProperties) = preSolution
		HideSolutionNode = FALSE
	EndGlobalSection
	GlobalSection(ExtensibilityGlobals) = postSolution
		SolutionGuid = {24BF6756-3E59-465F-A76A-7989D210C559}
	EndGlobalSection
EndGlobal
